
Microsoft Visual Studio Solution File, Format Version 12.00
# Visual Studio Version 17
VisualStudioVersion = 17.14.36310.24 d17.14
MinimumVisualStudioVersion = 10.0.40219.1
Project("{FAE04EC0-301F-11D3-BF4B-00C04F79EFBC}") = "Ibadullah_ASP_NET_Invoice_manacer_proyect", "Ibadullah_ASP_NET_Invoice_manacer_proyect\Ibadullah_ASP_NET_Invoice_manacer_proyect.csproj", "{B74A9097-B4C4-49D0-8B2A-6967E7323F18}"
EndProject
Global
	GlobalSection(SolutionConfigurationPlatforms) = preSolution
		Debug|Any CPU = Debug|Any CPU
		Release|Any CPU = Release|Any CPU
	EndGlobalSection
	GlobalSection(ProjectConfigurationPlatforms) = postSolution
		{B74A9097-B4C4-49D0-8B2A-6967E7323F18}.Debug|Any CPU.ActiveCfg = Debug|Any CPU
		{B74A9097-B4C4-49D0-8B2A-6967E7323F18}.Debug|Any CPU.Build.0 = Debug|Any CPU
		{B74A9097-B4C4-49D0-8B2A-6967E7323F18}.Release|Any CPU.ActiveCfg = Release|Any CPU
		{B74A9097-B4C4-49D0-8B2A-6967E7323F18}.Release|Any CPU.Build.0 = Release|Any CPU
	EndGlobalSection
	GlobalSection(SolutionProperties) = preSolution
		HideSolutionNode = FALSE
	EndGlobalSection
	GlobalSection(ExtensibilityGlobals) = postSolution
		SolutionGuid = {F03257FD-4885-4364-BC2C-A38CAFD44EC6}
	EndGlobalSection
EndGlobal
